version = 1
revision = 3
requires-python = ">=3.14"

[[package]]
name = "fonttools"
version = "4.66.0"
source = { registry = "https://pypi.org/simple" }
sdist = { url = "https://files.pythonhosted.org/packages/a2/24/86f9930b930b97fc82266083320f3c34643ef67261c32651e893db525aca/fonttools-4.66.0.tar.gz", hash = "sha256:ef0610dfe7bb5bf574d9bdad6f597403ebc9807d124ac6f148d7604b2609be98", size = 3692007, upload-time = "2026-09-23T17:59:14.345Z" }
wheels = [
    { url = "https://files.pythonhosted.org/packages/38/e6/2ea45d294ce967a8f76b5dec041abdd71c7abb652c9a81b24592edc00579/fonttools-4.66.0-cp314-cp314-macosx_10_15_universal2.whl", hash = "sha256:ce818581070527883e3678b92b1ac7ed3569e48c80f51b89b264f97d84be2608", size = 3098619, upload-time = "2026-09-23T17:57:48.843Z" },
    { url = "https://files.pythonhosted.org/packages/1a/d5/225d95df6b88df277d86c3d86fdaa73833cd628dc2918fcf7b73133d6f67/fonttools-4.66.0-cp314-cp314-macosx_10_15_x86_64.whl", hash = "sha256:cf0033f343cb1592fb24ae3eaf8b58156f208884ac16991094293ee94c585654", size = 2588128, upload-time = "2026-09-23T17:57:52.041Z" },
    { url = "https://files.pythonhosted.org/packages/15/e6/5892522733dc50b0577693bb164032b47d3504f33ee44d92a1a740d2e89b/fonttools-4.66.0-cp314-cp314-manylinux2014_aarch64.manylinux_2_17_aarch64.manylinux_2_28_aarch64.whl", hash = "sha256:3889fdbe63e85dbf2a0d9d7c9d90746827ce60af2cdd24f0bb4738380a9540eb", size = 5373639, upload-time = "2026-09-23T17:57:54.555Z" },
    { url = "https://files.pythonhosted.org/packages/9a/72/72ec66154babfd53a1c705a9f973c49d12fa81084aa72d939e062242ada1/fonttools-4.66.0-cp314-cp314-manylinux2014_x86_64.manylinux_2_17_x86_64.whl", hash = "sha256:850d50b347f31667d3a277a6e66a4219236db9d98afadb2993b8addf9bd4f593", size = 5317190, upload-time = "2026-09-23T17:57:57.31Z" },
    { url = "https://files.pythonhosted.org/packages/cd/c6/a8ca0334c73d1fa4fae1d423ff92e0b0be0885ed98e866e3478a00ad1a47/fonttools-4.66.0-cp314-cp314-musllinux_1_2_aarch64.whl", hash = "sha256:221defad3b1949c1fdde2558d1fe780d42f926b683a71a46a4495a0e6a6614bd", size = 5315603, upload-time = "2026-09-23T17:57:59.842Z" },
    { url = "https://files.pythonhosted.org/packages/d2/34/d3d4cd925d1a934e841d39a0540539b21e952c40dfac27874bac1392f3d2/fonttools-4.66.0-cp314-cp314-musllinux_1_2_x86_64.whl", hash = "sha256:b02686b2e47115b2378ab6156abd984c776c6faa4f56898fbcc1c30ee387937d", size = 5448784, upload-time = "2026-09-23T17:58:02.669Z" },
    { url = "https://files.pythonhosted.org/packages/61/b9/269bebce24f590d28f2e59fd8808f3282b5f5511a4a95c5f6413f0507993/fonttools-4.66.0-cp314-cp314-win32.whl", hash = "sha256:b46500e4d6f5708a9127ea12902ba54cb0ec594fc6bec649afc53154a1125b2b", size = 2437006, upload-time = "2026-09-23T17:58:05.39Z" },
    { url = "https://files.pythonhosted.org/packages/ca/bd/9c10c9a62a274451f10295c17a01286c7777f44da87cd9f77d08c5a21d4e/fonttools-4.66.0-cp314-cp314-win_amd64.whl", hash = "sha256:0cf33d1041364ebb7a9958db757e213c6d2a238eb41755fbf935db028c2db20f", size = 2489086, upload-time = "2026-09-23T17:58:07.516Z" },
    { url = "https://files.pythonhosted.org/packages/1f/45/c9bc900dca5ed7760c1692a6b1161c380515071da9d855eddedd4bb21fb5/fonttools-4.66.0-cp314-cp314t-macosx_10_15_universal2.whl", hash = "sha256:d2d10f89c4bf7cd42b84695da617f9130fa594647ee74673bf8c8d001fa04ef9", size = 3172290, upload-time = "2026-09-23T17:58:09.975Z" },
    { url = "https://files.pythonhosted.org/packages/bb/82/1017a312eeb373f30d99d032d04bf55a8ea80858f1670b2e12ed90732574/fonttools-4.66.0-cp314-cp314t-macosx_10_15_x86_64.whl", hash = "sha256:135ce8738a6341fbefeedc061e20c2889350e84405abea7e61b1c9d87e1a1f2f", size = 2621293, upload-time = "2026-09-23T17:58:12.309Z" },
    { url = "https://files.pythonhosted.org/packages/af/c3/b54678b08a6637d5a222b68e1f133c58096c664403b9ead1cce4eab53fd1/fonttools-4.66.0-cp314-cp314t-manylinux2014_aarch64.manylinux_2_17_aarch64.manylinux_2_28_aarch64.whl", hash = "sha256:107aae7c38f05561fef5103baa98a44400b5f4c69d87839c9a5f8125405e7d9a", size = 5546296, upload-time = "2026-09-23T17:58:15.041Z" },
    { url = "https://files.pythonhosted.org/packages/98/2c/42e1c39e4025323bf65e042ea7ed709912aebfa22d422a2937da12268331/fonttools-4.66.0-cp314-cp314t-manylinux2014_x86_64.manylinux_2_17_x86_64.whl", hash = "sha256:e4677025ee40b3b1420387ca85f55545b8095f7596c3d5d59552dbee19c91f07", size = 5352908, upload-time = "2026-09-23T17:58:17.77Z" },
    { url = "https://files.pythonhosted.org/packages/f1/66/07a6b9e634d7e0edb3e8f23ebb483479599842093624f13bde44e3c7a4bc/fonttools-4.66.0-cp314-cp314t-musllinux_1_2_aarch64.whl", hash = "sha256:03922992966a1830b94a750961d1ccfe1a7375d792ca61077a5afb719811788a", size = 5413677, upload-time = "2026-09-23T17:58:20.511Z" },
    { url = "https://files.pythonhosted.org/packages/a4/c6/d649d4d09ebbfdb0eb13cdeea731bf9685d184fef716e0c18f7779eb44fb/fonttools-4.66.0-cp314-cp314t-musllinux_1_2_x86_64.whl", hash = "sha256:5dda4087a7f8f0b985995489b3c0115bd117f18c0fc236013a0e78e837bb9ac2", size = 5449024, upload-time = "2026-09-23T17:58:23.302Z" },
    { url = "https://files.pythonhosted.org/packages/04/4c/60c6c9a2bc4cc0ae1012df9084bfe4ba69a1a60df06f30830787a4e6c061/fonttools-4.66.0-cp314-cp314t-win32.whl", hash = "sha256:85e2960a29e6882567b981ba408b5a5ca2d8865b8f67240e1b420348997a13be", size = 2470760, upload-time = "2026-09-23T17:58:25.739Z" },
    { url = "https://files.pythonhosted.org/packages/d1/5e/fd8593bbe3da06d2cbf9c096e17becbb48ace6e7a33e0e5e21f82a55c32c/fonttools-4.66.0-cp314-cp314t-win_amd64.whl", hash = "sha256:8ea6265535b25f8254868f5a212a1c9dbd88c2c4050f3df18d9174949df0d6d9", size = 2520614, upload-time = "2026-09-23T17:58:28.078Z" },
    { url = "https://files.pythonhosted.org/packages/a0/23/f9f265526c6a4096bbe67f45d6ed853519d49ad7e07667bd0c8edb33f7fd/fonttools-4.66.0-cp315-cp315-macosx_10_15_universal2.whl", hash = "sha256:9b0198962bbba64a88bf15dc5d95e4bab8c5208dede22a10fb06280406ed9874", size = 3092996, upload-time = "2026-09-23T17:58:30.828Z" },
    { url = "https://files.pythonhosted.org/packages/a9/25/44d594d7fd703b2c4914b0df728012b8f2e69578de2d9238742c1754243a/fonttools-4.66.0-cp315-cp315-macosx_10_15_x86_64.whl", hash = "sha256:15315302c620e6ce8582934e07932dcf442fc3f59ab208d30564200b9a2f7ea4", size = 2586696, upload-time = "2026-09-23T17:58:33.159Z" },
    { url = "https://files.pythonhosted.org/packages/b5/73/b33888692f06471222a66a79bd7f3e7b9aa9e3d87be6adb794a2ba3dc467/fonttools-4.66.0-cp315-cp315-manylinux2014_aarch64.manylinux_2_17_aarch64.manylinux_2_28_aarch64.whl", hash = "sha256:056641fcedeaad24b92e343e35e9fd1337200c102450678894b17928482d010d", size = 5370868, upload-time = "2026-09-23T17:58:35.93Z" },
    { url = "https://files.pythonhosted.org/packages/34/22/b7fa275e29642ab706bdffc5d02564bf6ade4168bd4c8b98b6ac2a78a653/fonttools-4.66.0-cp315-cp315-manylinux2014_x86_64.manylinux_2_17_x86_64.whl", hash = "sha256:fa995d96ced196388d8ed7a67ee001b181459d230e24bb68b193ae859f5609da", size = 5334214, upload-time = "2026-09-23T17:58:38.966Z" },
    { url = "https://files.pythonhosted.org/packages/b2/69/417f550986631f9b443666b6152c9396830c0bb7a241b2aa235d1faa2500/fonttools-4.66.0-cp315-cp315-musllinux_1_2_aarch64.whl", hash = "sha256:f014bbf05f30731bf8b9f5c7d2b4c0e4f28f375926f95b187f85e0bbceb16029", size = 5311067, upload-time = "2026-09-23T17:58:41.686Z" },
    { url = "https://files.pythonhosted.org/packages/8f/f5/80b8b3b55306975a69995b188d640664b53891509a47e6e19e5496adc529/fonttools-4.66.0-cp315-cp315-musllinux_1_2_x86_64.whl", hash = "sha256:886f3029ea10362c592d2e1a5326a44645b85a2a0be6fdb7c9edbdb60cedb0ab", size = 5458838, upload-time = "2026-09-23T17:58:44.145Z" },
    { url = "https://files.pythonhosted.org/packages/f4/1a/7f5e8b4e0e876a94424faf039e99e09833c3ffb105978e3617a6cba58e92/fonttools-4.66.0-cp315-cp315-win32.whl", hash = "sha256:0640e69b00e089d6b82e0a54e3a03af84b775f1f0b2cbecc1b0d7fe3980a194a", size = 2435840, upload-time = "2026-09-23T17:58:46.482Z" },
    { url = "https://files.pythonhosted.org/packages/e0/8a/91ecd6ed7140e0589538298f941934eaccaf7ab067a60585de3a60ddcc32/fonttools-4.66.0-cp315-cp315-win_amd64.whl", hash = "sha256:a5a0624aaefb0a29e4ed7500a98732a1b0ec2d3040fe86cc8837f82e3fe4f446", size = 2488078, upload-time = "2026-09-23T17:58:49.027Z" },
    { url = "https://files.pythonhosted.org/packages/a5/16/3a82202c98d55aeb53dd1fe5cd295c53b1057a45e6be943a347dba5bc92b/fonttools-4.66.0-cp315-cp315t-macosx_10_15_universal2.whl", hash = "sha256:4bdaf80590fcccb1b9d8e3b8ca72225defb14d03b79788f59781ce1bb66049b9", size = 3163820, upload-time = "2026-09-23T17:58:51.661Z" },
    { url = "https://files.pythonhosted.org/packages/74/06/597c587ec929f18622d0f6ad4aac15a698e5d4e42d291cf051e63fe0d1b0/fonttools-4.66.0-cp315-cp315t-macosx_10_15_x86_64.whl", hash = "sha256:398bfc5ce9055e0b91a6189f8cf462d4230b38f522b2ceaecb4f34cbf4fb5480", size = 2617537, upload-time = "2026-09-23T17:58:54.421Z" },
    { url = "https://files.pythonhosted.org/packages/cc/08/6477bf19e923deb834c4c5866c66f47a679cc0a31028e2240ea58f9c1244/fonttools-4.66.0-cp315-cp315t-manylinux2014_aarch64.manylinux_2_17_aarch64.manylinux_2_28_aarch64.whl", hash = "sha256:fd9297a5f670f3e59ae697289ddad5902d3c4a86188e83e7823bde06334a560c", size = 5524223, upload-time = "2026-09-23T17:58:57.078Z" },
    { url = "https://files.pythonhosted.org/packages/69/2a/3e893827e4d6f8858784f71f0484046626a43e21492d3683b7ea5c7262bb/fonttools-4.66.0-cp315-cp315t-manylinux2014_x86_64.manylinux_2_17_x86_64.whl", hash = "sha256:f2032ac005e14c56e774fd19f2bc1c22c796c0c3b39d91741c0e3f9575944d38", size = 5345920, upload-time = "2026-09-23T17:58:59.848Z" },
    { url = "https://files.pythonhosted.org/packages/22/7a/574cfd9f567231006152694a8904e1cfa2e7ddd2b7476e8e9d1b079278b4/fonttools-4.66.0-cp315-cp315t-musllinux_1_2_aarch64.whl", hash = "sha256:02117d05dddb51e39b5c5a6eed0702ed8e0e1c341cb138101b2446eb479858f8", size = 5392188, upload-time = "2026-09-23T17:59:02.461Z" },
    { url = "https://files.pythonhosted.org/packages/17/15/656c907ef5063eeb9a0f6e36a253c14ffe5d5605009d6c86140234cb0968/fonttools-4.66.0-cp315-cp315t-musllinux_1_2_x86_64.whl", hash = "sha256:6b11180c4166a4fc353bb02b147322b7c454927bba4f5040ccdef109a73f9051", size = 5438594, upload-time = "2026-09-23T17:59:04.967Z" },
    { url = "https://files.pythonhosted.org/packages/5d/82/5df8cfb6c16035a9f0baef4c7b37ae1691e5d9280195459f1eb6f0633014/fonttools-4.66.0-cp315-cp315t-win32.whl", hash = "sha256:6627f48130cdbe04c7e1189bff4192886ecda757f575626ee8468f6580eaecf3", size = 2467910, upload-time = "2026-09-23T17:59:07.332Z" },
    { url = "https://files.pythonhosted.org/packages/fd/cd/3359c485efaed245663bf6f840e1bb45fffa1230b1e9af1880d7d9003e56/fonttools-4.66.0-cp315-cp315t-win_amd64.whl", hash = "sha256:a9a45a23b020e667499fb2dbce0f1373b1b1b8cf88e47f3031e69ef3ea21f3ee", size = 2516298, upload-time = "2026-09-23T17:59:09.934Z" },
    { url = "https://files.pythonhosted.org/packages/83/65/826290863c9df6041f2e36a5ae5d604cd8247fffc8ec7b45581fd2473e4d/fonttools-4.66.0-py3-none-any.whl", hash = "sha256:bc7b7ddc1a1f46c363354304e9a8dd93722e4a6a24f785015650898dacf40df9", size = 1201583, upload-time = "2026-09-23T17:59:12.104Z" },
]

[[package]]
name = "linkify-it-py"
version = "2.1.0"
source = { registry = "https://pypi.org/simple" }
dependencies = [
    { name = "uc-micro-py" },
]
sdist = { url = "https://files.pythonhosted.org/packages/2e/c9/06ea13676ef354f0af6169587ae292d3e2406e212876a413bf9eece4eb23/linkify_it_py-2.1.0.tar.gz", hash = "sha256:43360231720999c10e9328dc3691160e27a718e280673d444c38d7d3aaa3b98b", size = 29158, upload-time = "2026-03-01T07:48:47.683Z" }
wheels = [
    { url = "https://files.pythonhosted.org/packages/b4/de/88b3be5c31b22333b3ca2f6ff1de4e863d8fe45aaea7485f591970ec1d3e/linkify_it_py-2.1.0-py3-none-any.whl", hash = "sha256:0d252c1594ecba2ecedc444053db5d3a9b7ec1b0dd929c8f1d74dce89f86c05e", size = 19878, upload-time = "2026-03-01T07:48:46.098Z" },
]

[[package]]
name = "markdown-it-py"
version = "4.0.0"
source = { registry = "https://pypi.org/simple" }
dependencies = [
    { name = "mdurl" },
]
sdist = { url = "https://files.pythonhosted.org/packages/5b/f5/4ec618ed16cc4f8fb3b701563655a69816155e79e24a17b651541804721d/markdown_it_py-4.0.0.tar.gz", hash = "sha256:cb0a2b4aa34f932c007117b194e945bd74e0ec24133ceb5bac59009cda1cb9f3", size = 73070, upload-time = "2025-08-11T12:57:52.854Z" }
wheels = [
    { url = "https://files.pythonhosted.org/packages/94/54/e7d793b573f298e1c9013b8c4dade17d481164aa517d1d7148619c2cedbf/markdown_it_py-4.0.0-py3-none-any.whl", hash = "sha256:87327c59b172c5011896038353a81343b6754500a08cd7a4973bb48c6d578147", size = 87321, upload-time = "2025-08-11T12:57:51.923Z" },
]

[package.optional-dependencies]
linkify = [
    { name = "linkify-it-py" },
]

[[package]]
name = "mdit-py-plugins"
version = "0.5.0"
source = { registry = "https://pypi.org/simple" }
dependencies = [
    { name = "markdown-it-py" },
]
sdist = { url = "https://files.pythonhosted.org/packages/b2/fd/a756d36c0bfba5f6e39a1cdbdbfdd448dc02692467d83816dff4592a1ebc/mdit_py_plugins-0.5.0.tar.gz", hash = "sha256:f4918cb50119f50446560513a8e311d574ff6aaed72606ddae6d35716fe809c6", size = 44655, upload-time = "2025-08-11T07:25:49.083Z" }
wheels = [
    { url = "https://files.pythonhosted.org/packages/fb/86/dd6e5db36df29e76c7a7699123569a4a18c1623ce68d826ed96c62643cae/mdit_py_plugins-0.5.0-py3-none-any.whl", hash = "sha256:07a08422fc1936a5d26d146759e9155ea466e842f5ab2f7d2266dd084c8dab1f", size = 57205, upload-time = "2025-08-11T07:25:47.597Z" },
]

[[package]]
name = "mdurl"
version = "0.1.2"
source = { registry = "https://pypi.org/simple" }
sdist = { url = "https://files.pythonhosted.org/packages/d6/54/cfe61301667036ec958cb99bd3efefba235e65cdeb9c84d24a8293ba1d90/mdurl-0.1.2.tar.gz", hash = "sha256:bb413d29f5eea38f31dd4754dd7377d4465116fb207585f97bf925588687c1ba", size = 8729, upload-time = "2022-08-14T12:40:10.846Z" }
wheels = [
    { url = "https://files.pythonhosted.org/packages/b3/38/89ba8ad64ae25be8de66a6d463314cf1eb366222074cfda9ee839c56a4b4/mdurl-0.1.2-py3-none-any.whl", hash = "sha256:84008a41e51615a49fc9966191ff91509e3c40b939176e643fd50a5c2196b8f8", size = 9979, upload-time = "2022-08-14T12:40:09.779Z" },
]

[[package]]
name = "platformdirs"
version = "4.9.4"
source = { registry = "https://pypi.org/simple" }
sdist = { url = "https://files.pythonhosted.org/packages/19/56/8d4c30c8a1d07013911a8fdbd8f89440ef9f08d07a1b50ab8ca8be5a20f9/platformdirs-4.9.4.tar.gz", hash = "sha256:1ec356301b7dc906d83f371c8f487070e99d3ccf9e501686456394622a01a934", size = 28737, upload-time = "2026-03-05T18:34:13.271Z" }
wheels = [
    { url = "https://files.pythonhosted.org/packages/63/d7/97f7e3a6abb67d8080dd406fd4df842c2be0efaf712d1c899c32a075027c/platformdirs-4.9.4-py3-none-any.whl", hash = "sha256:68a9a4619a666ea6439f2ff250c12a853cd1cbd5158d258bd824a7df6be2f868", size = 21216, upload-time = "2026-03-05T18:34:12.172Z" },
]

[[package]]
name = "psutil"
version = "7.2.2"
source = { registry = "https://pypi.org/simple" }
sdist = { url = "https://files.pythonhosted.org/packages/aa/c6/d1ddf4abb55e93cebc4f2ed8b5d6dbad109ecb8d63748dd2b20ab5e57ebe/psutil-7.2.2.tar.gz", hash = "sha256:0746f5f8d406af344fd547f1c8daa5f5c33dbc293bb8d6a16d80b4bb88f59372", size = 493740, upload-time = "2026-01-28T18:14:54.428Z" }
wheels = [
    { url = "https://files.pythonhosted.org/packages/81/69/ef179ab5ca24f32acc1dac0c247fd6a13b501fd5534dbae0e05a1c48b66d/psutil-7.2.2-cp314-cp314t-macosx_10_15_x86_64.whl", hash = "sha256:eed63d3b4d62449571547b60578c5b2c4bcccc5387148db46e0c2313dad0ee00", size = 130664, upload-time = "2026-01-28T18:15:09.469Z" },
    { url = "https://files.pythonhosted.org/packages/7b/64/665248b557a236d3fa9efc378d60d95ef56dd0a490c2cd37dafc7660d4a9/psutil-7.2.2-cp314-cp314t-macosx_11_0_arm64.whl", hash = "sha256:7b6d09433a10592ce39b13d7be5a54fbac1d1228ed29abc880fb23df7cb694c9", size = 131087, upload-time = "2026-01-28T18:15:11.724Z" },
    { url = "https://files.pythonhosted.org/packages/d5/2e/e6782744700d6759ebce3043dcfa661fb61e2fb752b91cdeae9af12c2178/psutil-7.2.2-cp314-cp314t-manylinux2010_x86_64.manylinux_2_12_x86_64.manylinux_2_28_x86_64.whl", hash = "sha256:1fa4ecf83bcdf6e6c8f4449aff98eefb5d0604bf88cb883d7da3d8d2d909546a", size = 182383, upload-time = "2026-01-28T18:15:13.445Z" },
    { url = "https://files.pythonhosted.org/packages/57/49/0a41cefd10cb7505cdc04dab3eacf24c0c2cb158a998b8c7b1d27ee2c1f5/psutil-7.2.2-cp314-cp314t-manylinux2014_aarch64.manylinux_2_17_aarch64.manylinux_2_28_aarch64.whl", hash = "sha256:e452c464a02e7dc7822a05d25db4cde564444a67e58539a00f929c51eddda0cf", size = 185210, upload-time = "2026-01-28T18:15:16.002Z" },
    { url = "https://files.pythonhosted.org/packages/dd/2c/ff9bfb544f283ba5f83ba725a3c5fec6d6b10b8f27ac1dc641c473dc390d/psutil-7.2.2-cp314-cp314t-win_amd64.whl", hash = "sha256:c7663d4e37f13e884d13994247449e9f8f574bc4655d509c3b95e9ec9e2b9dc1", size = 141228, upload-time = "2026-01-28T18:15:18.385Z" },
    { url = "https://files.pythonhosted.org/packages/f2/fc/f8d9c31db14fcec13748d373e668bc3bed94d9077dbc17fb0eebc073233c/psutil-7.2.2-cp314-cp314t-win_arm64.whl", hash = "sha256:11fe5a4f613759764e79c65cf11ebdf26e33d6dd34336f8a337aa2996d71c841", size = 136284, upload-time = "2026-01-28T18:15:19.912Z" },
    { url = "https://files.pythonhosted.org/packages/e7/36/5ee6e05c9bd427237b11b3937ad82bb8ad2752d72c6969314590dd0c2f6e/psutil-7.2.2-cp36-abi3-macosx_10_9_x86_64.whl", hash = "sha256:ed0cace939114f62738d808fdcecd4c869222507e266e574799e9c0faa17d486", size = 129090, upload-time = "2026-01-28T18:15:22.168Z" },
    { url = "https://files.pythonhosted.org/packages/80/c4/f5af4c1ca8c1eeb2e92ccca14ce8effdeec651d5ab6053c589b074eda6e1/psutil-7.2.2-cp36-abi3-macosx_11_0_arm64.whl", hash = "sha256:1a7b04c10f32cc88ab39cbf606e117fd74721c831c98a27dc04578deb0c16979", size = 129859, upload-time = "2026-01-28T18:15:23.795Z" },
    { url = "https://files.pythonhosted.org/packages/b5/70/5d8df3b09e25bce090399cf48e452d25c935ab72dad19406c77f4e828045/psutil-7.2.2-cp36-abi3-manylinux2010_x86_64.manylinux_2_12_x86_64.manylinux_2_28_x86_64.whl", hash = "sha256:076a2d2f923fd4821644f5ba89f059523da90dc9014e85f8e45a5774ca5bc6f9", size = 155560, upload-time = "2026-01-28T18:15:25.976Z" },
    { url = "https://files.pythonhosted.org/packages/63/65/37648c0c158dc222aba51c089eb3bdfa238e621674dc42d48706e639204f/psutil-7.2.2-cp36-abi3-manylinux2014_aarch64.manylinux_2_17_aarch64.manylinux_2_28_aarch64.whl", hash = "sha256:b0726cecd84f9474419d67252add4ac0cd9811b04d61123054b9fb6f57df6e9e", size = 156997, upload-time = "2026-01-28T18:15:27.794Z" },
    { url = "https://files.pythonhosted.org/packages/8e/13/125093eadae863ce03c6ffdbae9929430d116a246ef69866dad94da3bfbc/psutil-7.2.2-cp36-abi3-musllinux_1_2_aarch64.whl", hash = "sha256:fd04ef36b4a6d599bbdb225dd1d3f51e00105f6d48a28f006da7f9822f2606d8", size = 148972, upload-time = "2026-01-28T18:15:29.342Z" },
    { url = "https://files.pythonhosted.org/packages/04/78/0acd37ca84ce3ddffaa92ef0f571e073faa6d8ff1f0559ab1272188ea2be/psutil-7.2.2-cp36-abi3-musllinux_1_2_x86_64.whl", hash = "sha256:b58fabe35e80b264a4e3bb23e6b96f9e45a3df7fb7eed419ac0e5947c61e47cc", size = 148266, upload-time = "2026-01-28T18:15:31.597Z" },
    { url = "https://files.pythonhosted.org/packages/b4/90/e2159492b5426be0c1fef7acba807a03511f97c5f86b3caeda6ad92351a7/psutil-7.2.2-cp37-abi3-win_amd64.whl", hash = "sha256:eb7e81434c8d223ec4a219b5fc1c47d0417b12be7ea866e24fb5ad6e84b3d988", size = 137737, upload-time = "2026-01-28T18:15:33.849Z" },
    { url = "https://files.pythonhosted.org/packages/8c/c7/7bb2e321574b10df20cbde462a94e2b71d05f9bbda251ef27d104668306a/psutil-7.2.2-cp37-abi3-win_arm64.whl", hash = "sha256:8c233660f575a5a89e6d4cb65d9f938126312bca76d8fe087b947b3a1aaac9ee", size = 134617, upload-time = "2026-01-28T18:15:36.514Z" },
]

[[package]]
name = "pt"
version = "0.1.0"
source = { editable = "." }
dependencies = [
    { name = "fonttools" },
    { name = "psutil" },
    { name = "pyperclip" },
    { name = "textual" },
]

[package.dev-dependencies]
dev = [
    { name = "ruff" },
]

[package.metadata]
requires-dist = [
    { name = "fonttools", specifier = ">=4.66.0" },
    { name = "psutil", specifier = ">=7.2.2" },
    { name = "pyperclip", specifier = ">=1.11.0" },
    { name = "textual", specifier = ">=8.2.2" },
]

[package.metadata.requires-dev]
dev = [{ name = "ruff", specifier = ">=0.15.9" }]

[[package]]
name = "pygments"
version = "2.20.0"
source = { registry = "https://pypi.org/simple" }
sdist = { url = "https://files.pythonhosted.org/packages/c3/b2/bc9c9196916376152d655522fdcebac55e66de6603a76a02bca1b6414f6c/pygments-2.20.0.tar.gz", hash = "sha256:6757cd03768053ff99f3039c1a36d6c0aa0b263438fcab17520b30a303a82b5f", size = 4955991, upload-time = "2026-03-29T13:29:33.898Z" }
wheels = [
    { url = "https://files.pythonhosted.org/packages/f4/7e/a72dd26f3b0f4f2bf1dd8923c85f7ceb43172af56d63c7383eb62b332364/pygments-2.20.0-py3-none-any.whl", hash = "sha256:81a9e26dd42fd28a23a2d169d86d7ac03b46e2f8b59ed4698fb4785f946d0176", size = 1231151, upload-time = "2026-03-29T13:29:30.038Z" },
]

[[package]]
name = "pyperclip"
version = "1.11.0"
source = { registry = "https://pypi.org/simple" }
sdist = { url = "https://files.pythonhosted.org/packages/e8/52/d87eba7cb129b81563019d1679026e7a112ef76855d6159d24754dbd2a51/pyperclip-1.11.0.tar.gz", hash = "sha256:244035963e4428530d9e3a6101a1ef97209c6825edab1567beac148ccc1db1b6", size = 12185, upload-time = "2025-09-26T14:40:37.245Z" }
wheels = [
    { url = "https://files.pythonhosted.org/packages/df/80/fc9d01d5ed37ba4c42ca2b55b4339ae6e200b456be3a1aaddf4a9fa99b8c/pyperclip-1.11.0-py3-none-any.whl", hash = "sha256:299403e9ff44581cb9ba2ffeed69c7aa96a008622ad0c46cb575ca75b5b84273", size = 11063, upload-time = "2025-09-26T14:40:36.069Z" },
]

[[package]]
name = "rich"
version = "14.3.3"
source = { registry = "https://pypi.org/simple" }
dependencies = [
    { name = "markdown-it-py" },
    { name = "pygments" },
]
sdist = { url = "https://files.pythonhosted.org/packages/b3/c6/f3b320c27991c46f43ee9d856302c70dc2d0fb2dba4842ff739d5f46b393/rich-14.3.3.tar.gz", hash = "sha256:b8daa0b9e4eef54dd8cf7c86c03713f53241884e814f4e2f5fb342fe520f639b", size = 230582, upload-time = "2026-02-19T17:23:12.474Z" }
wheels = [
    { url = "https://files.pythonhosted.org/packages/14/25/b208c5683343959b670dc001595f2f3737e051da617f66c31f7c4fa93abc/rich-14.3.3-py3-none-any.whl", hash = "sha256:793431c1f8619afa7d3b52b2cdec859562b950ea0d4b6b505397612db8d5362d", size = 310458, upload-time = "2026-02-19T17:23:13.732Z" },
]

[[package]]
name = "ruff"
version = "0.15.9"
source = { registry = "https://pypi.org/simple" }
sdist = { url = "https://files.pythonhosted.org/packages/e6/97/e9f1ca355108ef7194e38c812ef40ba98c7208f47b13ad78d023caa583da/ruff-0.15.9.tar.gz", hash = "sha256:29cbb1255a9797903f6dde5ba0188c707907ff44a9006eb273b5a17bfa0739a2", size = 4617361, upload-time = "2026-04-02T18:17:20.829Z" }
wheels = [
    { url = "https://files.pythonhosted.org/packages/0b/1f/9cdfd0ac4b9d1e5a6cf09bedabdf0b56306ab5e333c85c87281273e7b041/ruff-0.15.9-py3-none-linux_armv6l.whl", hash = "sha256:6efbe303983441c51975c243e26dff328aca11f94b70992f35b093c2e71801e1", size = 10511206, upload-time = "2026-04-02T18:16:41.574Z" },
    { url = "https://files.pythonhosted.org/packages/3d/f6/32bfe3e9c136b35f02e489778d94384118bb80fd92c6d92e7ccd97db12ce/ruff-0.15.9-py3-none-macosx_10_12_x86_64.whl", hash = "sha256:4965bac6ac9ea86772f4e23587746f0b7a395eccabb823eb8bfacc3fa06069f7", size = 10923307, upload-time = "2026-04-02T18:17:08.645Z" },
    { url = "https://files.pythonhosted.org/packages/ca/25/de55f52ab5535d12e7aaba1de37a84be6179fb20bddcbe71ec091b4a3243/ruff-0.15.9-py3-none-macosx_11_0_arm64.whl", hash = "sha256:eaf05aad70ca5b5a0a4b0e080df3a6b699803916d88f006efd1f5b46302daab8", size = 10316722, upload-time = "2026-04-02T18:16:44.206Z" },
    { url = "https://files.pythonhosted.org/packages/48/11/690d75f3fd6278fe55fff7c9eb429c92d207e14b25d1cae4064a32677029/ruff-0.15.9-py3-none-manylinux_2_17_aarch64.manylinux2014_aarch64.whl", hash = "sha256:9439a342adb8725f32f92732e2bafb6d5246bd7a5021101166b223d312e8fc59", size = 10623674, upload-time = "2026-04-02T18:16:50.951Z" },
    { url = "https://files.pythonhosted.org/packages/bd/ec/176f6987be248fc5404199255522f57af1b4a5a1b57727e942479fec98ad/ruff-0.15.9-py3-none-manylinux_2_17_armv7l.manylinux2014_armv7l.whl", hash = "sha256:9c5e6faf9d97c8edc43877c3f406f47446fc48c40e1442d58cfcdaba2acea745", size = 10351516, upload-time = "2026-04-02T18:16:57.206Z" },
    { url = "https://files.pythonhosted.org/packages/b2/fc/51cffbd2b3f240accc380171d51446a32aa2ea43a40d4a45ada67368fbd2/ruff-0.15.9-py3-none-manylinux_2_17_i686.manylinux2014_i686.whl", hash = "sha256:7b34a9766aeec27a222373d0b055722900fbc0582b24f39661aa96f3fe6ad901", size = 11150202, upload-time = "2026-04-02T18:17:06.452Z" },
    { url = "https://files.pythonhosted.org/packages/d6/d4/25292a6dfc125f6b6528fe6af31f5e996e19bf73ca8e3ce6eb7fa5b95885/ruff-0.15.9-py3-none-manylinux_2_17_ppc64le.manylinux2014_ppc64le.whl", hash = "sha256:89dd695bc72ae76ff484ae54b7e8b0f6b50f49046e198355e44ea656e521fef9", size = 11988891, upload-time = "2026-04-02T18:17:18.575Z" },
    { url = "https://files.pythonhosted.org/packages/13/e1/1eebcb885c10e19f969dcb93d8413dfee8172578709d7ee933640f5e7147/ruff-0.15.9-py3-none-manylinux_2_17_s390x.manylinux2014_s390x.whl", hash = "sha256:ce187224ef1de1bd225bc9a152ac7102a6171107f026e81f317e4257052916d5", size = 11480576, upload-time = "2026-04-02T18:16:52.986Z" },
    { url = "https://files.pythonhosted.org/packages/ff/6b/a1548ac378a78332a4c3dcf4a134c2475a36d2a22ddfa272acd574140b50/ruff-0.15.9-py3-none-manylinux_2_17_x86_64.manylinux2014_x86_64.whl", hash = "sha256:2b0c7c341f68adb01c488c3b7d4b49aa8ea97409eae6462d860a79cf55f431b6", size = 11254525, upload-time = "2026-04-02T18:17:02.041Z" },
    { url = "https://files.pythonhosted.org/packages/42/aa/4bb3af8e61acd9b1281db2ab77e8b2c3c5e5599bf2a29d4a942f1c62b8d6/ruff-0.15.9-py3-none-manylinux_2_31_riscv64.whl", hash = "sha256:55cc15eee27dc0eebdfcb0d185a6153420efbedc15eb1d38fe5e685657b0f840", size = 11204072, upload-time = "2026-04-02T18:17:13.581Z" },
    { url = "https://files.pythonhosted.org/packages/69/48/d550dc2aa6e423ea0bcc1d0ff0699325ffe8a811e2dba156bd80750b86dc/ruff-0.15.9-py3-none-musllinux_1_2_aarch64.whl", hash = "sha256:a6537f6eed5cda688c81073d46ffdfb962a5f29ecb6f7e770b2dc920598997ed", size = 10594998, upload-time = "2026-04-02T18:16:46.369Z" },
    { url = "https://files.pythonhosted.org/packages/63/47/321167e17f5344ed5ec6b0aa2cff64efef5f9e985af8f5622cfa6536043f/ruff-0.15.9-py3-none-musllinux_1_2_armv7l.whl", hash = "sha256:6d3fcbca7388b066139c523bda744c822258ebdcfbba7d24410c3f454cc9af71", size = 10359769, upload-time = "2026-04-02T18:17:10.994Z" },
    { url = "https://files.pythonhosted.org/packages/67/5e/074f00b9785d1d2c6f8c22a21e023d0c2c1817838cfca4c8243200a1fa87/ruff-0.15.9-py3-none-musllinux_1_2_i686.whl", hash = "sha256:058d8e99e1bfe79d8a0def0b481c56059ee6716214f7e425d8e737e412d69677", size = 10850236, upload-time = "2026-04-02T18:16:48.749Z" },
    { url = "https://files.pythonhosted.org/packages/76/37/804c4135a2a2caf042925d30d5f68181bdbd4461fd0d7739da28305df593/ruff-0.15.9-py3-none-musllinux_1_2_x86_64.whl", hash = "sha256:8e1ddb11dbd61d5983fa2d7d6370ef3eb210951e443cace19594c01c72abab4c", size = 11358343, upload-time = "2026-04-02T18:16:55.068Z" },
    { url = "https://files.pythonhosted.org/packages/88/3d/1364fcde8656962782aa9ea93c92d98682b1ecec2f184e625a965ad3b4a6/ruff-0.15.9-py3-none-win32.whl", hash = "sha256:bde6ff36eaf72b700f32b7196088970bf8fdb2b917b7accd8c371bfc0fd573ec", size = 10583382, upload-time = "2026-04-02T18:17:04.261Z" },
    { url = "https://files.pythonhosted.org/packages/4c/56/5c7084299bd2cacaa07ae63a91c6f4ba66edc08bf28f356b24f6b717c799/ruff-0.15.9-py3-none-win_amd64.whl", hash = "sha256:45a70921b80e1c10cf0b734ef09421f71b5aa11d27404edc89d7e8a69505e43d", size = 11744969, upload-time = "2026-04-02T18:16:59.611Z" },
    { url = "https://files.pythonhosted.org/packages/03/36/76704c4f312257d6dbaae3c959add2a622f63fcca9d864659ce6d8d97d3d/ruff-0.15.9-py3-none-win_arm64.whl", hash = "sha256:0694e601c028fd97dc5c6ee244675bc241aeefced7ef80cd9c6935a871078f53", size = 11005870, upload-time = "2026-04-02T18:17:15.773Z" },
]

[[package]]
name = "textual"
version = "8.2.2"
source = { registry = "https://pypi.org/simple" }
dependencies = [
    { name = "markdown-it-py", extra = ["linkify"] },
    { name = "mdit-py-plugins" },
    { name = "platformdirs" },
    { name = "pygments" },
    { name = "rich" },
    { name = "typing-extensions" },
]
sdist = { url = "https://files.pythonhosted.org/packages/69/b0/a9aedf13af1bfb1bf01cbc645ea5d5a4151b5d77ac1748b85c4f0d777d7d/textual-8.2.2.tar.gz", hash = "sha256:94e85267650cf679ac16ade5ac929055e836dc00798a0e6e3925926a5beee303", size = 1848623, upload-time = "2026-04-03T13:19:06.057Z" }
wheels = [
    { url = "https://files.pythonhosted.org/packages/a7/18/4d59eb3f2241db6d346a90f2452fc47a19d61090a38b9cf331afe23e8431/textual-8.2.2-py3-none-any.whl", hash = "sha256:35a8f439875dc6e5b4dc7ee72dc9698a40bd13091c2de5bd5b2d4318522af8df", size = 724078, upload-time = "2026-04-03T13:19:08.115Z" },
]

[[package]]
name = "typing-extensions"
version = "4.15.0"
source = { registry = "https://pypi.org/simple" }
sdist = { url = "https://files.pythonhosted.org/packages/72/94/1a15dd82efb362ac84269196e94cf00f187f7ed21c242792a923cdb1c61f/typing_extensions-4.15.0.tar.gz", hash = "sha256:0cea48d173cc12fa28ecabc3b837ea3cf6f38c6d1136f85cbaaf598984861466", size = 109391, upload-time = "2025-08-25T13:49:26.313Z" }
wheels = [
    { url = "https://files.pythonhosted.org/packages/18/67/36e9267722cc04a6b9f15c7f3441c2363321a3ea07da7ae0c0707beb2a9c/typing_extensions-4.15.0-py3-none-any.whl", hash = "sha256:f0fa19c6845758ab08074a0cfa8b7aecb71c999ca73d62883bc25cc018c4e548", size = 44614, upload-time = "2025-08-25T13:49:24.86Z" },
]

[[package]]
name = "uc-micro-py"
version = "2.0.0"
source = { registry = "https://pypi.org/simple" }
sdist = { url = "https://files.pythonhosted.org/packages/78/67/9a363818028526e2d4579334460df777115bdec1bb77c08f9db88f6389f2/uc_micro_py-2.0.0.tar.gz", hash = "sha256:c53691e495c8db60e16ffc4861a35469b0ba0821fe409a8a7a0a71864d33a811", size = 6611, upload-time = "2026-03-01T06:31:27.526Z" }
wheels = [
    { url = "https://files.pythonhosted.org/packages/61/73/d21edf5b204d1467e06500080a50f79d49ef2b997c79123a536d4a17d97c/uc_micro_py-2.0.0-py3-none-any.whl", hash = "sha256:3603a3859af53e5a39bc7677713c78ea6589ff188d70f4fee165db88e22b242c", size = 6383, upload-time = "2026-03-01T06:31:26.257Z" },
]
